Microsoft Visual Studio Solution File, Format Version 12.00
# Visual Studio Version 17
VisualStudioVersion = 17.5.2.0
MinimumVisualStudioVersion = 10.0.40219.1
Project("{FAE04EC0-301F-11D3-BF4B-00C04F79EFBC}") = "HSserver", "HSserver.csproj", "{130A3D7B-512B-94AD-B3C1-AD0E6EBF1A77}"
EndProject
Global
	GlobalSection(SolutionConfigurationPlatforms) = preSolution
		Debug|Any CPU = Debug|Any CPU
		Release|Any CPU = Release|Any CPU
	EndGlobalSection
	GlobalSection(ProjectConfigurationPlatforms) = postSolution
		{130A3D7B-512B-94AD-B3C1-AD0E6EBF1A77}.Debug|Any CPU.ActiveCfg = Debug|Any CPU
		{130A3D7B-512B-94AD-B3C1-AD0E6EBF1A77}.Debug|Any CPU.Build.0 = Debug|Any CPU
		{130A3D7B-512B-94AD-B3C1-AD0E6EBF1A77}.Release|Any CPU.ActiveCfg = Release|Any CPU
		{130A3D7B-512B-94AD-B3C1-AD0E6EBF1A77}.Release|Any CPU.Build.0 = Release|Any CPU
	EndGlobalSection
	GlobalSection(SolutionProperties) = preSolution
		HideSolutionNode = FALSE
	EndGlobalSection
	GlobalSection(ExtensibilityGlobals) = postSolution
		SolutionGuid = {E369AFD6-DEEF-41CE-892E-A640BDBFC5AB}
	EndGlobalSection
EndGlobal
